
Microsoft Visual Studio Solution File, Format Version 12.00
# Visual Studio 15
VisualStudioVersion = 15.0.27130.2010
MinimumVisualStudioVersion = 10.0.40219.1
Project("{8BC9CEB8-8B4A-11D0-8D11-00A0C91BC942}") = "prxdll_cryptsp", "prxdll_cryptsp\prxdll_cryptsp.vcxproj", "{BD80F2E3-3EF4-49CC-A97F-4BCD78FEBA25}"
EndProject
Project("{8BC9CEB8-8B4A-11D0-8D11-00A0C91BC942}") = "prxdll_version", "prxdll_version\prxdll_version.vcxproj", "{482F0850-C79D-43EB-909D-8A18CE257986}"
EndProject
Project("{8BC9CEB8-8B4A-11D0-8D11-00A0C91BC942}") = "prxdll_winmm", "prxdll_winmm\prxdll_winmm.vcxproj", "{233067FD-465A-418B-AB27-1531BB3043AC}"
EndProject
Project("{8BC9CEB8-8B4A-11D0-8D11-00A0C91BC942}") = "prxdll_winsta", "prxdll_winsta\prxdll_winsta.vcxproj", "{D09A9EB2-B17D-45D6-8D86-318DC780413C}"
EndProject
Project("{8BC9CEB8-8B4A-11D0-8D11-00A0C91BC942}") = "prxdll_wtsapi32", "prxdll_wtsapi32\prxdll_wtsapi32.vcxproj", "{56F11801-F4E9-4474-92E9-59DFA9020034}"
EndProject
Project("{8BC9CEB8-8B4A-11D0-8D11-00A0C91BC942}") = "prxdll_iphlpapi", "prxdll_iphlpapi\prxdll_iphlpapi.vcxproj", "{AEE3F2B6-67AD-4946-96AE-5D80408800CE}"
EndProject
Project("{8BC9CEB8-8B4A-11D0-8D11-00A0C91BC942}") = "prxdll_d3d9", "prxdll_d3d9\prxdll_d3d9.vcxproj", "{C6CE35A1-3FAE-4A82-B065-53310FFC1CC9}"
EndProject
Project("{8BC9CEB8-8B4A-11D0-8D11-00A0C91BC942}") = "prxdll_d3d10", "prxdll_d3d10\prxdll_d3d10.vcxproj", "{A3260B3D-18D4-4ABD-A500-51515460700C}"
EndProject
Project("{8BC9CEB8-8B4A-11D0-8D11-00A0C91BC942}") = "prxdll_d3d11", "prxdll_d3d11\prxdll_d3d11.vcxproj", "{C5A77D11-13A7-4C34-B4B2-CE7F263321BD}"
EndProject
Project("{2150E333-8FDC-42A3-9474-1A3956D46DE8}") = "System", "System", "{3DE2A539-6FD0-4FD0-8984-E7F9270D4ADC}"
EndProject
Project("{2150E333-8FDC-42A3-9474-1A3956D46DE8}") = "Application", "Application", "{91AB5AF6-E34C-49CB-8577-75529DC44544}"
EndProject
Global
	GlobalSection(SolutionConfigurationPlatforms) = preSolution
		Debug|x64 = Debug|x64
		Debug|x86 = Debug|x86
		Release|x64 = Release|x64
		Release|x86 = Release|x86
	EndGlobalSection
	GlobalSection(ProjectConfigurationPlatforms) = postSolution
		{BD80F2E3-3EF4-49CC-A97F-4BCD78FEBA25}.Debug|x64.ActiveCfg = Debug|x64
		{BD80F2E3-3EF4-49CC-A97F-4BCD78FEBA25}.Debug|x64.Build.0 = Debug|x64
		{BD80F2E3-3EF4-49CC-A97F-4BCD78FEBA25}.Debug|x86.ActiveCfg = Debug|Win32
		{BD80F2E3-3EF4-49CC-A97F-4BCD78FEBA25}.Debug|x86.Build.0 = Debug|Win32
		{BD80F2E3-3EF4-49CC-A97F-4BCD78FEBA25}.Release|x64.ActiveCfg = Release|x64
		{BD80F2E3-3EF4-49CC-A97F-4BCD78FEBA25}.Release|x64.Build.0 = Release|x64
		{BD80F2E3-3EF4-49CC-A97F-4BCD78FEBA25}.Release|x86.ActiveCfg = Release|Win32
		{BD80F2E3-3EF4-49CC-A97F-4BCD78FEBA25}.Release|x86.Build.0 = Release|Win32
		{482F0850-C79D-43EB-909D-8A18CE257986}.Debug|x64.ActiveCfg = Debug|x64
		{482F0850-C79D-43EB-909D-8A18CE257986}.Debug|x64.Build.0 = Debug|x64
		{482F0850-C79D-43EB-909D-8A18CE257986}.Debug|x86.ActiveCfg = Debug|Win32
		{482F0850-C79D-43EB-909D-8A18CE257986}.Debug|x86.Build.0 = Debug|Win32
		{482F0850-C79D-43EB-909D-8A18CE257986}.Release|x64.ActiveCfg = Release|x64
		{482F0850-C79D-43EB-909D-8A18CE257986}.Release|x64.Build.0 = Release|x64
		{482F0850-C79D-43EB-909D-8A18CE257986}.Release|x86.ActiveCfg = Release|Win32
		{482F0850-C79D-43EB-909D-8A18CE257986}.Release|x86.Build.0 = Release|Win32
		{233067FD-465A-418B-AB27-1531BB3043AC}.Debug|x64.ActiveCfg = Debug|x64
		{233067FD-465A-418B-AB27-1531BB3043AC}.Debug|x64.Build.0 = Debug|x64
		{233067FD-465A-418B-AB27-1531BB3043AC}.Debug|x86.ActiveCfg = Debug|Win32
		{233067FD-465A-418B-AB27-1531BB3043AC}.Debug|x86.Build.0 = Debug|Win32
		{233067FD-465A-418B-AB27-1531BB3043AC}.Release|x64.ActiveCfg = Release|x64
		{233067FD-465A-418B-AB27-1531BB3043AC}.Release|x64.Build.0 = Release|x64
		{233067FD-465A-418B-AB27-1531BB3043AC}.Release|x86.ActiveCfg = Release|Win32
		{233067FD-465A-418B-AB27-1531BB3043AC}.Release|x86.Build.0 = Release|Win32
		{D09A9EB2-B17D-45D6-8D86-318DC780413C}.Debug|x64.ActiveCfg = Debug|x64
		{D09A9EB2-B17D-45D6-8D86-318DC780413C}.Debug|x64.Build.0 = Debug|x64
		{D09A9EB2-B17D-45D6-8D86-318DC780413C}.Debug|x86.ActiveCfg = Debug|Win32
		{D09A9EB2-B17D-45D6-8D86-318DC780413C}.Debug|x86.Build.0 = Debug|Win32
		{D09A9EB2-B17D-45D6-8D86-318DC780413C}.Release|x64.ActiveCfg = Release|x64
		{D09A9EB2-B17D-45D6-8D86-318DC780413C}.Release|x64.Build.0 = Release|x64
		{D09A9EB2-B17D-45D6-8D86-318DC780413C}.Release|x86.ActiveCfg = Release|Win32
		{D09A9EB2-B17D-45D6-8D86-318DC780413C}.Release|x86.Build.0 = Release|Win32
		{56F11801-F4E9-4474-92E9-59DFA9020034}.Debug|x64.ActiveCfg = Debug|x64
		{56F11801-F4E9-4474-92E9-59DFA9020034}.Debug|x64.Build.0 = Debug|x64
		{56F11801-F4E9-4474-92E9-59DFA9020034}.Debug|x86.ActiveCfg = Debug|Win32
		{56F11801-F4E9-4474-92E9-59DFA9020034}.Debug|x86.Build.0 = Debug|Win32
		{56F11801-F4E9-4474-92E9-59DFA9020034}.Release|x64.ActiveCfg = Release|x64
		{56F11801-F4E9-4474-92E9-59DFA9020034}.Release|x64.Build.0 = Release|x64
		{56F11801-F4E9-4474-92E9-59DFA9020034}.Release|x86.ActiveCfg = Release|Win32
		{56F11801-F4E9-4474-92E9-59DFA9020034}.Release|x86.Build.0 = Release|Win32
		{AEE3F2B6-67AD-4946-96AE-5D80408800CE}.Debug|x64.ActiveCfg = Debug|x64
		{AEE3F2B6-67AD-4946-96AE-5D80408800CE}.Debug|x64.Build.0 = Debug|x64
		{AEE3F2B6-67AD-4946-96AE-5D80408800CE}.Debug|x86.ActiveCfg = Debug|Win32
		{AEE3F2B6-67AD-4946-96AE-5D80408800CE}.Debug|x86.Build.0 = Debug|Win32
		{AEE3F2B6-67AD-4946-96AE-5D80408800CE}.Release|x64.ActiveCfg = Release|x64
		{AEE3F2B6-67AD-4946-96AE-5D80408800CE}.Release|x64.Build.0 = Release|x64
		{AEE3F2B6-67AD-4946-96AE-5D80408800CE}.Release|x86.ActiveCfg = Release|Win32
		{AEE3F2B6-67AD-4946-96AE-5D80408800CE}.Release|x86.Build.0 = Release|Win32
		{C6CE35A1-3FAE-4A82-B065-53310FFC1CC9}.Debug|x64.ActiveCfg = Debug|x64
		{C6CE35A1-3FAE-4A82-B065-53310FFC1CC9}.Debug|x64.Build.0 = Debug|x64
		{C6CE35A1-3FAE-4A82-B065-53310FFC1CC9}.Debug|x86.ActiveCfg = Debug|Win32
		{C6CE35A1-3FAE-4A82-B065-53310FFC1CC9}.Debug|x86.Build.0 = Debug|Win32
		{C6CE35A1-3FAE-4A82-B065-53310FFC1CC9}.Release|x64.ActiveCfg = Release|x64
		{C6CE35A1-3FAE-4A82-B065-53310FFC1CC9}.Release|x64.Build.0 = Release|x64
		{C6CE35A1-3FAE-4A82-B065-53310FFC1CC9}.Release|x86.ActiveCfg = Release|Win32
		{C6CE35A1-3FAE-4A82-B065-53310FFC1CC9}.Release|x86.Build.0 = Release|Win32
		{A3260B3D-18D4-4ABD-A500-51515460700C}.Debug|x64.ActiveCfg = Debug|x64
		{A3260B3D-18D4-4ABD-A500-51515460700C}.Debug|x64.Build.0 = Debug|x64
		{A3260B3D-18D4-4ABD-A500-51515460700C}.Debug|x86.ActiveCfg = Debug|Win32
		{A3260B3D-18D4-4ABD-A500-51515460700C}.Debug|x86.Build.0 = Debug|Win32
		{A3260B3D-18D4-4ABD-A500-51515460700C}.Release|x64.ActiveCfg = Release|x64
		{A3260B3D-18D4-4ABD-A500-51515460700C}.Release|x64.Build.0 = Release|x64
		{A3260B3D-18D4-4ABD-A500-51515460700C}.Release|x86.ActiveCfg = Release|Win32
		{A3260B3D-18D4-4ABD-A500-51515460700C}.Release|x86.Build.0 = Release|Win32
		{C5A77D11-13A7-4C34-B4B2-CE7F263321BD}.Debug|x64.ActiveCfg = Debug|x64
		{C5A77D11-13A7-4C34-B4B2-CE7F263321BD}.Debug|x64.Build.0 = Debug|x64
		{C5A77D11-13A7-4C34-B4B2-CE7F263321BD}.Debug|x86.ActiveCfg = Debug|Win32
		{C5A77D11-13A7-4C34-B4B2-CE7F263321BD}.Debug|x86.Build.0 = Debug|Win32
		{C5A77D11-13A7-4C34-B4B2-CE7F263321BD}.Release|x64.ActiveCfg = Release|x64
		{C5A77D11-13A7-4C34-B4B2-CE7F263321BD}.Release|x64.Build.0 = Release|x64
		{C5A77D11-13A7-4C34-B4B2-CE7F263321BD}.Release|x86.ActiveCfg = Release|Win32
		{C5A77D11-13A7-4C34-B4B2-CE7F263321BD}.Release|x86.Build.0 = Release|Win32
	EndGlobalSection
	GlobalSection(SolutionProperties) = preSolution
		HideSolutionNode = FALSE
	EndGlobalSection
	GlobalSection(NestedProjects) = preSolution
		{BD80F2E3-3EF4-49CC-A97F-4BCD78FEBA25} = {3DE2A539-6FD0-4FD0-8984-E7F9270D4ADC}
		{482F0850-C79D-43EB-909D-8A18CE257986} = {3DE2A539-6FD0-4FD0-8984-E7F9270D4ADC}
		{233067FD-465A-418B-AB27-1531BB3043AC} = {3DE2A539-6FD0-4FD0-8984-E7F9270D4ADC}
		{D09A9EB2-B17D-45D6-8D86-318DC780413C} = {3DE2A539-6FD0-4FD0-8984-E7F9270D4ADC}
		{56F11801-F4E9-4474-92E9-59DFA9020034} = {3DE2A539-6FD0-4FD0-8984-E7F9270D4ADC}
		{AEE3F2B6-67AD-4946-96AE-5D80408800CE} = {3DE2A539-6FD0-4FD0-8984-E7F9270D4ADC}
		{C6CE35A1-3FAE-4A82-B065-53310FFC1CC9} = {3DE2A539-6FD0-4FD0-8984-E7F9270D4ADC}
		{A3260B3D-18D4-4ABD-A500-51515460700C} = {3DE2A539-6FD0-4FD0-8984-E7F9270D4ADC}
		{C5A77D11-13A7-4C34-B4B2-CE7F263321BD} = {3DE2A539-6FD0-4FD0-8984-E7F9270D4ADC}
	EndGlobalSection
	GlobalSection(ExtensibilityGlobals) = postSolution
		SolutionGuid = {C76F2EC8-211E-4BE4-8F2F-D0FA41E2CCC5}
	EndGlobalSection
EndGlobal
